{
  "name": "a1-localization-am",
  "version": "1.0.0",
  "lockfileVersion": 3,
  "requires": true,
  "packages": {
    "": {
      "name": "a1-localization-am",
      "version": "1.0.0",
      "license": "UNLICENSED",
      "bin": {
        "ra-localization": "scripts/ra-localization.js"
      },
      "engines": {
        "node": ">=18"
      }
    }
  }
}
